
Microsoft Visual Studio Solution File, Format Version 12.00
# Visual Studio Version 17
VisualStudioVersion = 17.3.32901.215
MinimumVisualStudioVersion = 10.0.40219.1
Project("{8BC9CEB8-8B4A-11D0-8D11-00A0C91BC942}") = "Lab08_1_it", "Lab08_1_it\Lab08_1_it.vcxproj", "{5DB4DC8F-4619-4B6F-98E8-3910EADC226C}"
EndProject
Project("{8BC9CEB8-8B4A-11D0-8D11-00A0C91BC942}") = "UnitTest1", "UnitTest1\UnitTest1.vcxproj", "{6D2EFAB9-304E-4821-98D1-1CDB13D0C190}"
EndProject
Global
	GlobalSection(SolutionConfigurationPlatforms) = preSolution
		Debug|x64 = Debug|x64
		Debug|x86 = Debug|x86
		Release|x64 = Release|x64
		Release|x86 = Release|x86
	EndGlobalSection
	GlobalSection(ProjectConfigurationPlatforms) = postSolution
		{5DB4DC8F-4619-4B6F-98E8-3910EADC226C}.Debug|x64.ActiveCfg = Debug|x64
		{5DB4DC8F-4619-4B6F-98E8-3910EADC226C}.Debug|x64.Build.0 = Debug|x64
		{5DB4DC8F-4619-4B6F-98E8-3910EADC226C}.Debug|x86.ActiveCfg = Debug|Win32
		{5DB4DC8F-4619-4B6F-98E8-3910EADC226C}.Debug|x86.Build.0 = Debug|Win32
		{5DB4DC8F-4619-4B6F-98E8-3910EADC226C}.Release|x64.ActiveCfg = Release|x64
		{5DB4DC8F-4619-4B6F-98E8-3910EADC226C}.Release|x64.Build.0 = Release|x64
		{5DB4DC8F-4619-4B6F-98E8-3910EADC226C}.Release|x86.ActiveCfg = Release|Win32
		{5DB4DC8F-4619-4B6F-98E8-3910EADC226C}.Release|x86.Build.0 = Release|Win32
		{6D2EFAB9-304E-4821-98D1-1CDB13D0C190}.Debug|x64.ActiveCfg = Debug|x64
		{6D2EFAB9-304E-4821-98D1-1CDB13D0C190}.Debug|x64.Build.0 = Debug|x64
		{6D2EFAB9-304E-4821-98D1-1CDB13D0C190}.Debug|x86.ActiveCfg = Debug|Win32
		{6D2EFAB9-304E-4821-98D1-1CDB13D0C190}.Debug|x86.Build.0 = Debug|Win32
		{6D2EFAB9-304E-4821-98D1-1CDB13D0C190}.Release|x64.ActiveCfg = Release|x64
		{6D2EFAB9-304E-4821-98D1-1CDB13D0C190}.Release|x64.Build.0 = Release|x64
		{6D2EFAB9-304E-4821-98D1-1CDB13D0C190}.Release|x86.ActiveCfg = Release|Win32
		{6D2EFAB9-304E-4821-98D1-1CDB13D0C190}.Release|x86.Build.0 = Release|Win32
	EndGlobalSection
	GlobalSection(SolutionProperties) = preSolution
		HideSolutionNode = FALSE
	EndGlobalSection
	GlobalSection(ExtensibilityGlobals) = postSolution
		SolutionGuid = {43F6C6AF-80D5-4FB3-905F-C44E351C7563}
	EndGlobalSection
EndGlobal
